{
  "version": 4,
  "terraform_version": "0.12.18",
  "serial": 261,
  "lineage": "a064fc84-1dc1-666c-98e1-5a8ebffb0777",
  "outputs": {
    "ec2_password": {
      "value": "q7lUu5\u0026FtifFW2@qVdDpZ8@RO9Kcx8Gc",
      "type": "string"
    },
    "vpc_cdir": {
      "value": "172.31.0.0/16",
      "type": "string"
    }
  },
  "resources": [
    {
      "mode": "data",
      "type": "aws_internet_gateway",
      "name": "gw",
      "provider": "provider.aws",
      "instances": [
        {
          "schema_version": 0,
          "attributes": {
            "attachments": [
              {
                "state": "available",
                "vpc_id": "vpc-0e20d3b890c8edfba"
              }
            ],
            "filter": null,
            "id": "igw-026b2861ab3287ba0",
            "internet_gateway_id": "igw-026b2861ab3287ba0",
            "owner_id": "361648904729",
            "tags": {
              "Name": "main-vpn-gateway"
            }
          }
        }
      ]
    },
    {
      "mode": "data",
      "type": "aws_vpc",
      "name": "main",
      "provider": "provider.aws",
      "instances": [
        {
          "schema_version": 0,
          "attributes": {
            "arn": "arn:aws:ec2:ap-southeast-1:361648904729:vpc/vpc-0e20d3b890c8edfba",
            "cidr_block": "172.31.0.0/16",
            "cidr_block_associations": [
              {
                "association_id": "vpc-cidr-assoc-0d941baeb0ea61035",
                "cidr_block": "172.31.0.0/16",
                "state": "associated"
              }
            ],
            "default": true,
            "dhcp_options_id": "dopt-cbf08fac",
            "enable_dns_hostnames": true,
            "enable_dns_support": true,
            "filter": null,
            "id": "vpc-0e20d3b890c8edfba",
            "instance_tenancy": "default",
            "ipv6_association_id": null,
            "ipv6_cidr_block": null,
            "main_route_table_id": "rtb-0e46999fac19100fa",
            "owner_id": "361648904729",
            "state": "available",
            "tags": {
              "Name": "main"
            }
          }
        }
      ]
    },
    {
      "mode": "managed",
      "type": "aws_route_table",
      "name": "main_route",
      "provider": "provider.aws",
      "instances": [
        {
          "schema_version": 0,
          "attributes": {
            "id": "rtb-0e46999fac19100fa",
            "owner_id": "361648904729",
            "propagating_vgws": [],
            "route": [
              {
                "cidr_block": "0.0.0.0/0",
                "egress_only_gateway_id": "",
                "gateway_id": "igw-026b2861ab3287ba0",
                "instance_id": "",
                "ipv6_cidr_block": "",
                "nat_gateway_id": "",
                "network_interface_id": "",
                "transit_gateway_id": "",
                "vpc_peering_connection_id": ""
              }
            ],
            "tags": {
              "Name": "publicRouteTable"
            },
            "vpc_id": "vpc-0e20d3b890c8edfba"
          }
        }
      ]
    }
  ]
}
